
Microsoft Visual Studio Solution File, Format Version 12.00
# Visual Studio Version 16
VisualStudioVersion = 16.0.29613.14
MinimumVisualStudioVersion = 10.0.40219.1
Project("{9A19103F-16F7-4668-BE54-9A1E7A4F7556}") = "TradeBot", "TradeBot\TradeBot.csproj", "{709E219A-5313-4B36-929B-5F930D39975E}"
EndProject
Project("{9A19103F-16F7-4668-BE54-9A1E7A4F7556}") = "TradeBotAPI", "TradeBotAPI\TradeBotAPI.csproj", "{4D0BAE20-33EC-4454-8C2C-274773210803}"
EndProject
Project("{9A19103F-16F7-4668-BE54-9A1E7A4F7556}") = "TradeBotAPITests", "TradeBotAPITests\TradeBotAPITests.csproj", "{3AB1D3DE-1AA7-4386-B863-D9250307E60E}"
EndProject
Project("{9A19103F-16F7-4668-BE54-9A1E7A4F7556}") = "ConsoleRecognizers", "ConsoleRecognizers\ConsoleRecognizers.csproj", "{D7548884-3C68-4F2D-849E-68C8D074A4E2}"
EndProject
Project("{9A19103F-16F7-4668-BE54-9A1E7A4F7556}") = "TradeBotConsole", "TradeBotConsole\TradeBotConsole.csproj", "{6095B6FB-8113-46BC-9A20-213A1ADFD5F9}"
EndProject
Project("{FAE04EC0-301F-11D3-BF4B-00C04F79EFBC}") = "TradeBot.Core", "TradeBot.Core\TradeBot.Core.csproj", "{A44E7563-EFE3-44E2-BA2D-CDFEC8D0D4DF}"
EndProject
Global
	GlobalSection(SolutionConfigurationPlatforms) = preSolution
		Debug|Any CPU = Debug|Any CPU
		Release|Any CPU = Release|Any CPU
	EndGlobalSection
	GlobalSection(ProjectConfigurationPlatforms) = postSolution
		{709E219A-5313-4B36-929B-5F930D39975E}.Debug|Any CPU.ActiveCfg = Debug|Any CPU
		{709E219A-5313-4B36-929B-5F930D39975E}.Debug|Any CPU.Build.0 = Debug|Any CPU
		{709E219A-5313-4B36-929B-5F930D39975E}.Release|Any CPU.ActiveCfg = Release|Any CPU
		{709E219A-5313-4B36-929B-5F930D39975E}.Release|Any CPU.Build.0 = Release|Any CPU
		{4D0BAE20-33EC-4454-8C2C-274773210803}.Debug|Any CPU.ActiveCfg = Debug|Any CPU
		{4D0BAE20-33EC-4454-8C2C-274773210803}.Debug|Any CPU.Build.0 = Debug|Any CPU
		{4D0BAE20-33EC-4454-8C2C-274773210803}.Release|Any CPU.ActiveCfg = Release|Any CPU
		{4D0BAE20-33EC-4454-8C2C-274773210803}.Release|Any CPU.Build.0 = Release|Any CPU
		{3AB1D3DE-1AA7-4386-B863-D9250307E60E}.Debug|Any CPU.ActiveCfg = Debug|Any CPU
		{3AB1D3DE-1AA7-4386-B863-D9250307E60E}.Debug|Any CPU.Build.0 = Debug|Any CPU
		{3AB1D3DE-1AA7-4386-B863-D9250307E60E}.Release|Any CPU.ActiveCfg = Release|Any CPU
		{3AB1D3DE-1AA7-4386-B863-D9250307E60E}.Release|Any CPU.Build.0 = Release|Any CPU
		{D7548884-3C68-4F2D-849E-68C8D074A4E2}.Debug|Any CPU.ActiveCfg = Debug|Any CPU
		{D7548884-3C68-4F2D-849E-68C8D074A4E2}.Debug|Any CPU.Build.0 = Debug|Any CPU
		{D7548884-3C68-4F2D-849E-68C8D074A4E2}.Release|Any CPU.ActiveCfg = Release|Any CPU
		{D7548884-3C68-4F2D-849E-68C8D074A4E2}.Release|Any CPU.Build.0 = Release|Any CPU
		{6095B6FB-8113-46BC-9A20-213A1ADFD5F9}.Debug|Any CPU.ActiveCfg = Debug|Any CPU
		{6095B6FB-8113-46BC-9A20-213A1ADFD5F9}.Debug|Any CPU.Build.0 = Debug|Any CPU
		{6095B6FB-8113-46BC-9A20-213A1ADFD5F9}.Release|Any CPU.ActiveCfg = Release|Any CPU
		{6095B6FB-8113-46BC-9A20-213A1ADFD5F9}.Release|Any CPU.Build.0 = Release|Any CPU
		{A44E7563-EFE3-44E2-BA2D-CDFEC8D0D4DF}.Debug|Any CPU.ActiveCfg = Debug|Any CPU
		{A44E7563-EFE3-44E2-BA2D-CDFEC8D0D4DF}.Debug|Any CPU.Build.0 = Debug|Any CPU
		{A44E7563-EFE3-44E2-BA2D-CDFEC8D0D4DF}.Release|Any CPU.ActiveCfg = Release|Any CPU
		{A44E7563-EFE3-44E2-BA2D-CDFEC8D0D4DF}.Release|Any CPU.Build.0 = Release|Any CPU
	EndGlobalSection
	GlobalSection(SolutionProperties) = preSolution
		HideSolutionNode = FALSE
	EndGlobalSection
	GlobalSection(ExtensibilityGlobals) = postSolution
		SolutionGuid = {1374C7BE-E34B-4397-BD9D-1D06D036EBDC}
	EndGlobalSection
EndGlobal
