
Microsoft Visual Studio Solution File, Format Version 12.00
# Visual Studio Version 16
VisualStudioVersion = 16.0.29613.14
MinimumVisualStudioVersion = 10.0.40219.1
Project("{9A19103F-16F7-4668-BE54-9A1E7A4F7556}") = "TradeBot", "TradeBot\TradeBot.csproj", "{709E219A-5313-4B36-929B-5F930D39975E}"
EndProject
Project("{9A19103F-16F7-4668-BE54-9A1E7A4F7556}") = "BrokerConsole", "..\BrokerConsole\BrokerConsole\BrokerConsole.csproj", "{01CC35A7-0073-4E8C-B2BA-D0A9CDD590E4}"
EndProject
Project("{FAE04EC0-301F-11D3-BF4B-00C04F79EFBC}") = "TradeBotAPI", "TradeBotAPI\TradeBotAPI.csproj", "{4D0BAE20-33EC-4454-8C2C-274773210803}"
EndProject
Global
	GlobalSection(SolutionConfigurationPlatforms) = preSolution
		Debug|Any CPU = Debug|Any CPU
		Release|Any CPU = Release|Any CPU
	EndGlobalSection
	GlobalSection(ProjectConfigurationPlatforms) = postSolution
		{709E219A-5313-4B36-929B-5F930D39975E}.Debug|Any CPU.ActiveCfg = Debug|Any CPU
		{709E219A-5313-4B36-929B-5F930D39975E}.Debug|Any CPU.Build.0 = Debug|Any CPU
		{709E219A-5313-4B36-929B-5F930D39975E}.Release|Any CPU.ActiveCfg = Release|Any CPU
		{709E219A-5313-4B36-929B-5F930D39975E}.Release|Any CPU.Build.0 = Release|Any CPU
		{01CC35A7-0073-4E8C-B2BA-D0A9CDD590E4}.Debug|Any CPU.ActiveCfg = Debug|Any CPU
		{01CC35A7-0073-4E8C-B2BA-D0A9CDD590E4}.Debug|Any CPU.Build.0 = Debug|Any CPU
		{01CC35A7-0073-4E8C-B2BA-D0A9CDD590E4}.Release|Any CPU.ActiveCfg = Release|Any CPU
		{01CC35A7-0073-4E8C-B2BA-D0A9CDD590E4}.Release|Any CPU.Build.0 = Release|Any CPU
		{4D0BAE20-33EC-4454-8C2C-274773210803}.Debug|Any CPU.ActiveCfg = Debug|Any CPU
		{4D0BAE20-33EC-4454-8C2C-274773210803}.Debug|Any CPU.Build.0 = Debug|Any CPU
		{4D0BAE20-33EC-4454-8C2C-274773210803}.Release|Any CPU.ActiveCfg = Release|Any CPU
		{4D0BAE20-33EC-4454-8C2C-274773210803}.Release|Any CPU.Build.0 = Release|Any CPU
	EndGlobalSection
	GlobalSection(SolutionProperties) = preSolution
		HideSolutionNode = FALSE
	EndGlobalSection
	GlobalSection(ExtensibilityGlobals) = postSolution
		SolutionGuid = {1374C7BE-E34B-4397-BD9D-1D06D036EBDC}
	EndGlobalSection
EndGlobal
